{
  "name": "yd-sdk",
  "version": "1.2.0",
  "lockfileVersion": 3,
  "requires": true,
  "packages": {
    "": {
      "name": "yd-sdk",
      "version": "1.2.0",
      "license": "MIT",
      "dependencies": {
        "@t8/sdk-factory": "^1.0.8"
      },
      "devDependencies": {
        "@types/node": "^22.9.0",
        "typescript": "^5.9.2"
      }
    },
    "node_modules/@t8/sdk-factory": {
      "version": "1.0.8",
      "resolved": "https://registry.npmjs.org/@t8/sdk-factory/-/sdk-factory-1.0.8.tgz",
      "integrity": "sha512-e5usStIZ1x8XJOoH4XUm6zimjhoY/myLZw+LZwzY6/8i0rf/uLK50y6PtW4aaL61sa3naxmGh2Xkob0oIoTIow==",
      "license": "MIT"
    },
    "node_modules/@types/node": {
      "version": "22.9.0",
      "dev": true,
      "license": "MIT",
      "dependencies": {
        "undici-types": "~6.19.8"
      }
    },
    "node_modules/typescript": {
      "version": "5.9.2",
      "resolved": "https://registry.npmjs.org/typescript/-/typescript-5.9.2.tgz",
      "integrity": "sha512-CWBzXQrc/qOkhidw1OzBTQuYRbfyxDXJMVJ1XNwUHGROVmuaeiEm3OslpZ1RV96d7SKKjZKrSJu3+t/xlw3R9A==",
      "dev": true,
      "license": "Apache-2.0",
      "bin": {
        "tsc": "bin/tsc",
        "tsserver": "bin/tsserver"
      },
      "engines": {
        "node": ">=14.17"
      }
    },
    "node_modules/undici-types": {
      "version": "6.19.8",
      "dev": true,
      "license": "MIT"
    }
  }
}
